// !$*UTF8*$!
{
	archiveVersion = 1;
	classes = {
	};
	objectVersion = 50;
	objects = {

/* Begin PBXBuildFile section */
		620FF8E2254C44D9003699DF /* AppDelegate.swift in Sources */ = {isa = PBXBuildFile; fileRef = 620FF8E1254C44D9003699DF /* AppDelegate.swift */; };
		620FF8EB254C44DC003699DF /* Assets.xcassets in Resources */ = {isa = PBXBuildFile; fileRef = 620FF8EA254C44DC003699DF /* Assets.xcassets */; };
		620FF8EE254C44DC003699DF /* LaunchScreen.storyboard in Resources */ = {isa = PBXBuildFile; fileRef = 620FF8EC254C44DC003699DF /* LaunchScreen.storyboard */; };
		620FF905254C46A3003699DF /* MessagesFullTableViewCell.swift in Sources */ = {isa = PBXBuildFile; fileRef = 620FF904254C46A3003699DF /* MessagesFullTableViewCell.swift */; };
		620FF909254C46B5003699DF /* MessagesEmptyTableViewCell.swift in Sources */ = {isa = PBXBuildFile; fileRef = 620FF908254C46B5003699DF /* MessagesEmptyTableViewCell.swift */; };
		620FF90C254C46C8003699DF /* MessagesEmpty.storyboard in Resources */ = {isa = PBXBuildFile; fileRef = 620FF90B254C46C8003699DF /* MessagesEmpty.storyboard */; };
		620FF90F254C46DA003699DF /* MessagesFull.storyboard in Resources */ = {isa = PBXBuildFile; fileRef = 620FF90E254C46DA003699DF /* MessagesFull.storyboard */; };
		620FF912254C46F4003699DF /* MessagesFullViewController.swift in Sources */ = {isa = PBXBuildFile; fileRef = 620FF911254C46F4003699DF /* MessagesFullViewController.swift */; };
		620FF915254C4706003699DF /* MessagesEmptyViewController.swift in Sources */ = {isa = PBXBuildFile; fileRef = 620FF914254C4706003699DF /* MessagesEmptyViewController.swift */; };
		620FF918254C471F003699DF /* PersonModel.swift in Sources */ = {isa = PBXBuildFile; fileRef = 620FF917254C471F003699DF /* PersonModel.swift */; };
		620FF91B254C4735003699DF /* InternetConnection.swift in Sources */ = {isa = PBXBuildFile; fileRef = 620FF91A254C4735003699DF /* InternetConnection.swift */; };
/* End PBXBuildFile section */

/* Begin PBXFileReference section */
		620FF8DE254C44D9003699DF /* TestForMobileUp.app */ = {isa = PBXFileReference; explicitFileType = wrapper.application; includeInIndex = 0; path = TestForMobileUp.app; sourceTree = BUILT_PRODUCTS_DIR; };
		620FF8E1254C44D9003699DF /* AppDelegate.swift */ = {isa = PBXFileReference; lastKnownFileType = sourcecode.swift; path = AppDelegate.swift; sourceTree = "<group>"; };
		620FF8EA254C44DC003699DF /* Assets.xcassets */ = {isa = PBXFileReference; lastKnownFileType = folder.assetcatalog; path = Assets.xcassets; sourceTree = "<group>"; };
		620FF8ED254C44DC003699DF /* Base */ = {isa = PBXFileReference; lastKnownFileType = file.storyboard; name = Base; path = Base.lproj/LaunchScreen.storyboard; sourceTree = "<group>"; };
		620FF8EF254C44DC003699DF /* Info.plist */ = {isa = PBXFileReference; lastKnownFileType = text.plist.xml; path = Info.plist; sourceTree = "<group>"; };
		620FF904254C46A3003699DF /* MessagesFullTableViewCell.swift */ = {isa = PBXFileReference; lastKnownFileType = sourcecode.swift; path = MessagesFullTableViewCell.swift; sourceTree = "<group>"; };
		620FF908254C46B5003699DF /* MessagesEmptyTableViewCell.swift */ = {isa = PBXFileReference; lastKnownFileType = sourcecode.swift; path = MessagesEmptyTableViewCell.swift; sourceTree = "<group>"; };
		620FF90B254C46C8003699DF /* MessagesEmpty.storyboard */ = {isa = PBXFileReference; lastKnownFileType = file.storyboard; path = MessagesEmpty.storyboard; sourceTree = "<group>"; };
		620FF90E254C46DA003699DF /* MessagesFull.storyboard */ = {isa = PBXFileReference; lastKnownFileType = file.storyboard; path = MessagesFull.storyboard; sourceTree = "<group>"; };
		620FF911254C46F4003699DF /* MessagesFullViewController.swift */ = {isa = PBXFileReference; lastKnownFileType = sourcecode.swift; path = MessagesFullViewController.swift; sourceTree = "<group>"; };
		620FF914254C4706003699DF /* MessagesEmptyViewController.swift */ = {isa = PBXFileReference; lastKnownFileType = sourcecode.swift; path = MessagesEmptyViewController.swift; sourceTree = "<group>"; };
		620FF917254C471F003699DF /* PersonModel.swift */ = {isa = PBXFileReference; lastKnownFileType = sourcecode.swift; path = PersonModel.swift; sourceTree = "<group>"; };
		620FF91A254C4735003699DF /* InternetConnection.swift */ = {isa = PBXFileReference; lastKnownFileType = sourcecode.swift; path = InternetConnection.swift; sourceTree = "<group>"; };
/* End PBXFileReference section */

/* Begin PBXFrameworksBuildPhase section */
		620FF8DB254C44D9003699DF /* Frameworks */ = {
			isa = PBXFrameworksBuildPhase;
			buildActionMask = 2147483647;
			files = (
			);
			runOnlyForDeploymentPostprocessing = 0;
		};
/* End PBXFrameworksBuildPhase section */

/* Begin PBXGroup section */
		620FF8D5254C44D9003699DF = {
			isa = PBXGroup;
			children = (
				620FF8E0254C44D9003699DF /* TestForMobileUp */,
				620FF8DF254C44D9003699DF /* Products */,
			);
			sourceTree = "<group>";
		};
		620FF8DF254C44D9003699DF /* Products */ = {
			isa = PBXGroup;
			children = (
				620FF8DE254C44D9003699DF /* TestForMobileUp.app */,
			);
			name = Products;
			sourceTree = "<group>";
		};
		620FF8E0254C44D9003699DF /* TestForMobileUp */ = {
			isa = PBXGroup;
			children = (
				620FF8FB254C4637003699DF /* MessagesEmpty */,
				620FF8FA254C4628003699DF /* MessagesFull */,
				620FF8E1254C44D9003699DF /* AppDelegate.swift */,
				620FF8EA254C44DC003699DF /* Assets.xcassets */,
				620FF8EC254C44DC003699DF /* LaunchScreen.storyboard */,
				620FF8EF254C44DC003699DF /* Info.plist */,
			);
			path = TestForMobileUp;
			sourceTree = "<group>";
		};
		620FF8FA254C4628003699DF /* MessagesFull */ = {
			isa = PBXGroup;
			children = (
				620FF900254C4667003699DF /* InternetConnection */,
				620FF8FF254C4660003699DF /* Model */,
				620FF8FE254C465B003699DF /* Cell */,
				620FF8FD254C464D003699DF /* Storyboard */,
				620FF8FC254C4641003699DF /* ViewController */,
			);
			path = MessagesFull;
			sourceTree = "<group>";
		};
		620FF8FB254C4637003699DF /* MessagesEmpty */ = {
			isa = PBXGroup;
			children = (
				620FF903254C4683003699DF /* Cell */,
				620FF902254C4679003699DF /* Storyboard */,
				620FF901254C4672003699DF /* ViewController */,
			);
			path = MessagesEmpty;
			sourceTree = "<group>";
		};
		620FF8FC254C4641003699DF /* ViewController */ = {
			isa = PBXGroup;
			children = (
				620FF911254C46F4003699DF /* MessagesFullViewController.swift */,
			);
			path = ViewController;
			sourceTree = "<group>";
		};
		620FF8FD254C464D003699DF /* Storyboard */ = {
			isa = PBXGroup;
			children = (
				620FF90E254C46DA003699DF /* MessagesFull.storyboard */,
			);
			path = Storyboard;
			sourceTree = "<group>";
		};
		620FF8FE254C465B003699DF /* Cell */ = {
			isa = PBXGroup;
			children = (
				620FF904254C46A3003699DF /* MessagesFullTableViewCell.swift */,
			);
			path = Cell;
			sourceTree = "<group>";
		};
		620FF8FF254C4660003699DF /* Model */ = {
			isa = PBXGroup;
			children = (
				620FF917254C471F003699DF /* PersonModel.swift */,
			);
			path = Model;
			sourceTree = "<group>";
		};
		620FF900254C4667003699DF /* InternetConnection */ = {
			isa = PBXGroup;
			children = (
				620FF91A254C4735003699DF /* InternetConnection.swift */,
			);
			path = InternetConnection;
			sourceTree = "<group>";
		};
		620FF901254C4672003699DF /* ViewController */ = {
			isa = PBXGroup;
			children = (
				620FF914254C4706003699DF /* MessagesEmptyViewController.swift */,
			);
			path = ViewController;
			sourceTree = "<group>";
		};
		620FF902254C4679003699DF /* Storyboard */ = {
			isa = PBXGroup;
			children = (
				620FF90B254C46C8003699DF /* MessagesEmpty.storyboard */,
			);
			path = Storyboard;
			sourceTree = "<group>";
		};
		620FF903254C4683003699DF /* Cell */ = {
			isa = PBXGroup;
			children = (
				620FF908254C46B5003699DF /* MessagesEmptyTableViewCell.swift */,
			);
			path = Cell;
			sourceTree = "<group>";
		};
/* End PBXGroup section */

/* Begin PBXNativeTarget section */
		620FF8DD254C44D9003699DF /* TestForMobileUp */ = {
			isa = PBXNativeTarget;
			buildConfigurationList = 620FF8F2254C44DC003699DF /* Build configuration list for PBXNativeTarget "TestForMobileUp" */;
			buildPhases = (
				620FF8DA254C44D9003699DF /* Sources */,
				620FF8DB254C44D9003699DF /* Frameworks */,
				620FF8DC254C44D9003699DF /* Resources */,
			);
			buildRules = (
			);
			dependencies = (
			);
			name = TestForMobileUp;
			productName = TestForMobileUp;
			productReference = 620FF8DE254C44D9003699DF /* TestForMobileUp.app */;
			productType = "com.apple.product-type.application";
		};
/* End PBXNativeTarget section */

/* Begin PBXProject section */
		620FF8D6254C44D9003699DF /* Project object */ = {
			isa = PBXProject;
			attributes = {
				LastSwiftUpdateCheck = 1200;
				LastUpgradeCheck = 1200;
				TargetAttributes = {
					620FF8DD254C44D9003699DF = {
						CreatedOnToolsVersion = 12.0.1;
					};
				};
			};
			buildConfigurationList = 620FF8D9254C44D9003699DF /* Build configuration list for PBXProject "TestForMobileUp" */;
			compatibilityVersion = "Xcode 9.3";
			developmentRegion = en;
			hasScannedForEncodings = 0;
			knownRegions = (
				en,
				Base,
			);
			mainGroup = 620FF8D5254C44D9003699DF;
			productRefGroup = 620FF8DF254C44D9003699DF /* Products */;
			projectDirPath = "";
			projectRoot = "";
			targets = (
				620FF8DD254C44D9003699DF /* TestForMobileUp */,
			);
		};
/* End PBXProject section */

/* Begin PBXResourcesBuildPhase section */
		620FF8DC254C44D9003699DF /* Resources */ = {
			isa = PBXResourcesBuildPhase;
			buildActionMask = 2147483647;
			files = (
				620FF90C254C46C8003699DF /* MessagesEmpty.storyboard in Resources */,
				620FF90F254C46DA003699DF /* MessagesFull.storyboard in Resources */,
				620FF8EE254C44DC003699DF /* LaunchScreen.storyboard in Resources */,
				620FF8EB254C44DC003699DF /* Assets.xcassets in Resources */,
			);
			runOnlyForDeploymentPostprocessing = 0;
		};
/* End PBXResourcesBuildPhase section */

/* Begin PBXSourcesBuildPhase section */
		620FF8DA254C44D9003699DF /* Sources */ = {
			isa = PBXSourcesBuildPhase;
			buildActionMask = 2147483647;
			files = (
				620FF918254C471F003699DF /* PersonModel.swift in Sources */,
				620FF915254C4706003699DF /* MessagesEmptyViewController.swift in Sources */,
				620FF905254C46A3003699DF /* MessagesFullTableViewCell.swift in Sources */,
				620FF8E2254C44D9003699DF /* AppDelegate.swift in Sources */,
				620FF912254C46F4003699DF /* MessagesFullViewController.swift in Sources */,
				620FF91B254C4735003699DF /* InternetConnection.swift in Sources */,
				620FF909254C46B5003699DF /* MessagesEmptyTableViewCell.swift in Sources */,
			);
			runOnlyForDeploymentPostprocessing = 0;
		};
/* End PBXSourcesBuildPhase section */

/* Begin PBXVariantGroup section */
		620FF8EC254C44DC003699DF /* LaunchScreen.storyboard */ = {
			isa = PBXVariantGroup;
			children = (
				620FF8ED254C44DC003699DF /* Base */,
			);
			name = LaunchScreen.storyboard;
			sourceTree = "<group>";
		};
/* End PBXVariantGroup section */

/* Begin XCBuildConfiguration section */
		620FF8F0254C44DC003699DF /* Debug */ = {
			isa = XCBuildConfiguration;
			buildSettings = {
				ALWAYS_SEARCH_USER_PATHS = NO;
				CLANG_ANALYZER_NONNULL = YES;
				CLANG_ANALYZER_NUMBER_OBJECT_CONVERSION = YES_AGGRESSIVE;
				CLANG_CXX_LANGUAGE_STANDARD = "gnu++14";
				CLANG_CXX_LIBRARY = "libc++";
				CLANG_ENABLE_MODULES = YES;
				CLANG_ENABLE_OBJC_ARC = YES;
				CLANG_ENABLE_OBJC_WEAK = YES;
				CLANG_WARN_BLOCK_CAPTURE_AUTORELEASING = YES;
				CLANG_WARN_BOOL_CONVERSION = YES;
				CLANG_WARN_COMMA = YES;
				CLANG_WARN_CONSTANT_CONVERSION = YES;
				CLANG_WARN_DEPRECATED_OBJC_IMPLEMENTATIONS = YES;
				CLANG_WARN_DIRECT_OBJC_ISA_USAGE = YES_ERROR;
				CLANG_WARN_DOCUMENTATION_COMMENTS = YES;
				CLANG_WARN_EMPTY_BODY = YES;
				CLANG_WARN_ENUM_CONVERSION = YES;
				CLANG_WARN_INFINITE_RECURSION = YES;
				CLANG_WARN_INT_CONVERSION = YES;
				CLANG_WARN_NON_LITERAL_NULL_CONVERSION = YES;
				CLANG_WARN_OBJC_IMPLICIT_RETAIN_SELF = YES;
				CLANG_WARN_OBJC_LITERAL_CONVERSION = YES;
				CLANG_WARN_OBJC_ROOT_CLASS = YES_ERROR;
				CLANG_WARN_QUOTED_INCLUDE_IN_FRAMEWORK_HEADER = YES;
				CLANG_WARN_RANGE_LOOP_ANALYSIS = YES;
				CLANG_WARN_STRICT_PROTOTYPES = YES;
				CLANG_WARN_SUSPICIOUS_MOVE = YES;
				CLANG_WARN_UNGUARDED_AVAILABILITY = YES_AGGRESSIVE;
				CLANG_WARN_UNREACHABLE_CODE = YES;
				CLANG_WARN__DUPLICATE_METHOD_MATCH = YES;
				COPY_PHASE_STRIP = NO;
				DEBUG_INFORMATION_FORMAT = dwarf;
				ENABLE_STRICT_OBJC_MSGSEND = YES;
				ENABLE_TESTABILITY = YES;
				GCC_C_LANGUAGE_STANDARD = gnu11;
				GCC_DYNAMIC_NO_PIC = NO;
				GCC_NO_COMMON_BLOCKS = YES;
				GCC_OPTIMIZATION_LEVEL = 0;
				GCC_PREPROCESSOR_DEFINITIONS = (
					"DEBUG=1",
					"$(inherited)",
				);
				GCC_WARN_64_TO_32_BIT_CONVERSION = YES;
				GCC_WARN_ABOUT_RETURN_TYPE = YES_ERROR;
				GCC_WARN_UNDECLARED_SELECTOR = YES;
				GCC_WARN_UNINITIALIZED_AUTOS = YES_AGGRESSIVE;
				GCC_WARN_UNUSED_FUNCTION = YES;
				GCC_WARN_UNUSED_VARIABLE = YES;
				IPHONEOS_DEPLOYMENT_TARGET = 12.0;
				MTL_ENABLE_DEBUG_INFO = INCLUDE_SOURCE;
				MTL_FAST_MATH = YES;
				ONLY_ACTIVE_ARCH = YES;
				SDKROOT = iphoneos;
				SWIFT_ACTIVE_COMPILATION_CONDITIONS = DEBUG;
				SWIFT_OPTIMIZATION_LEVEL = "-Onone";
			};
			name = Debug;
		};
		620FF8F1254C44DC003699DF /* Release */ = {
			isa = XCBuildConfiguration;
			buildSettings = {
				ALWAYS_SEARCH_USER_PATHS = NO;
				CLANG_ANALYZER_NONNULL = YES;
				CLANG_ANALYZER_NUMBER_OBJECT_CONVERSION = YES_AGGRESSIVE;
				CLANG_CXX_LANGUAGE_STANDARD = "gnu++14";
				CLANG_CXX_LIBRARY = "libc++";
				CLANG_ENABLE_MODULES = YES;
				CLANG_ENABLE_OBJC_ARC = YES;
				CLANG_ENABLE_OBJC_WEAK = YES;
				CLANG_WARN_BLOCK_CAPTURE_AUTORELEASING = YES;
				CLANG_WARN_BOOL_CONVERSION = YES;
				CLANG_WARN_COMMA = YES;
				CLANG_WARN_CONSTANT_CONVERSION = YES;
				CLANG_WARN_DEPRECATED_OBJC_IMPLEMENTATIONS = YES;
				CLANG_WARN_DIRECT_OBJC_ISA_USAGE = YES_ERROR;
				CLANG_WARN_DOCUMENTATION_COMMENTS = YES;
				CLANG_WARN_EMPTY_BODY = YES;
				CLANG_WARN_ENUM_CONVERSION = YES;
				CLANG_WARN_INFINITE_RECURSION = YES;
				CLANG_WARN_INT_CONVERSION = YES;
				CLANG_WARN_NON_LITERAL_NULL_CONVERSION = YES;
				CLANG_WARN_OBJC_IMPLICIT_RETAIN_SELF = YES;
				CLANG_WARN_OBJC_LITERAL_CONVERSION = YES;
				CLANG_WARN_OBJC_ROOT_CLASS = YES_ERROR;
				CLANG_WARN_QUOTED_INCLUDE_IN_FRAMEWORK_HEADER = YES;
				CLANG_WARN_RANGE_LOOP_ANALYSIS = YES;
				CLANG_WARN_STRICT_PROTOTYPES = YES;
				CLANG_WARN_SUSPICIOUS_MOVE = YES;
				CLANG_WARN_UNGUARDED_AVAILABILITY = YES_AGGRESSIVE;
				CLANG_WARN_UNREACHABLE_CODE = YES;
				CLANG_WARN__DUPLICATE_METHOD_MATCH = YES;
				COPY_PHASE_STRIP = NO;
				DEBUG_INFORMATION_FORMAT = "dwarf-with-dsym";
				ENABLE_NS_ASSERTIONS = NO;
				ENABLE_STRICT_OBJC_MSGSEND = YES;
				GCC_C_LANGUAGE_STANDARD = gnu11;
				GCC_NO_COMMON_BLOCKS = YES;
				GCC_WARN_64_TO_32_BIT_CONVERSION = YES;
				GCC_WARN_ABOUT_RETURN_TYPE = YES_ERROR;
				GCC_WARN_UNDECLARED_SELECTOR = YES;
				GCC_WARN_UNINITIALIZED_AUTOS = YES_AGGRESSIVE;
				GCC_WARN_UNUSED_FUNCTION = YES;
				GCC_WARN_UNUSED_VARIABLE = YES;
				IPHONEOS_DEPLOYMENT_TARGET = 12.0;
				MTL_ENABLE_DEBUG_INFO = NO;
				MTL_FAST_MATH = YES;
				SDKROOT = iphoneos;
				SWIFT_COMPILATION_MODE = wholemodule;
				SWIFT_OPTIMIZATION_LEVEL = "-O";
				VALIDATE_PRODUCT = YES;
			};
			name = Release;
		};
		620FF8F3254C44DC003699DF /* Debug */ = {
			isa = XCBuildConfiguration;
			buildSettings = {
				ASSETCATALOG_COMPILER_APPICON_NAME = AppIcon;
				ASSETCATALOG_COMPILER_GLOBAL_ACCENT_COLOR_NAME = AccentColor;
				CODE_SIGN_STYLE = Automatic;
				INFOPLIST_FILE = TestForMobileUp/Info.plist;
				LD_RUNPATH_SEARCH_PATHS = (
					"$(inherited)",
					"@executable_path/Frameworks",
				);
				PRODUCT_BUNDLE_IDENTIFIER = Myself.TestForMobileUp;
				PRODUCT_NAME = "$(TARGET_NAME)";
				SWIFT_VERSION = 5.0;
				TARGETED_DEVICE_FAMILY = 1;
			};
			name = Debug;
		};
		620FF8F4254C44DC003699DF /* Release */ = {
			isa = XCBuildConfiguration;
			buildSettings = {
				ASSETCATALOG_COMPILER_APPICON_NAME = AppIcon;
				ASSETCATALOG_COMPILER_GLOBAL_ACCENT_COLOR_NAME = AccentColor;
				CODE_SIGN_STYLE = Automatic;
				INFOPLIST_FILE = TestForMobileUp/Info.plist;
				LD_RUNPATH_SEARCH_PATHS = (
					"$(inherited)",
					"@executable_path/Frameworks",
				);
				PRODUCT_BUNDLE_IDENTIFIER = Myself.TestForMobileUp;
				PRODUCT_NAME = "$(TARGET_NAME)";
				SWIFT_VERSION = 5.0;
				TARGETED_DEVICE_FAMILY = 1;
			};
			name = Release;
		};
/* End XCBuildConfiguration section */

/* Begin XCConfigurationList section */
		620FF8D9254C44D9003699DF /* Build configuration list for PBXProject "TestForMobileUp" */ = {
			isa = XCConfigurationList;
			buildConfigurations = (
				620FF8F0254C44DC003699DF /* Debug */,
				620FF8F1254C44DC003699DF /* Release */,
			);
			defaultConfigurationIsVisible = 0;
			defaultConfigurationName = Release;
		};
		620FF8F2254C44DC003699DF /* Build configuration list for PBXNativeTarget "TestForMobileUp" */ = {
			isa = XCConfigurationList;
			buildConfigurations = (
				620FF8F3254C44DC003699DF /* Debug */,
				620FF8F4254C44DC003699DF /* Release */,
			);
			defaultConfigurationIsVisible = 0;
			defaultConfigurationName = Release;
		};
/* End XCConfigurationList section */
	};
	rootObject = 620FF8D6254C44D9003699DF /* Project object */;
}
